
Microsoft Visual Studio Solution File, Format Version 12.00
# Visual Studio Version 16
VisualStudioVersion = 16.0.30413.136
MinimumVisualStudioVersion = 10.0.40219.1
Project("{FAE04EC0-301F-11D3-BF4B-00C04F79EFBC}") = "EmployeeInformation", "EmployeeInformation\EmployeeInformation.csproj", "{0ED3BCC6-8DBD-4D71-852C-2D91B47374AD}"
EndProject
Project("{FAE04EC0-301F-11D3-BF4B-00C04F79EFBC}") = "EmpDetails", "EmpDetails\EmpDetails.csproj", "{14753449-3DC5-45E5-8105-8ABC20A84032}"
EndProject
Global
	GlobalSection(SolutionConfigurationPlatforms) = preSolution
		Debug|Any CPU = Debug|Any CPU
		Release|Any CPU = Release|Any CPU
	EndGlobalSection
	GlobalSection(ProjectConfigurationPlatforms) = postSolution
		{0ED3BCC6-8DBD-4D71-852C-2D91B47374AD}.Debug|Any CPU.ActiveCfg = Debug|Any CPU
		{0ED3BCC6-8DBD-4D71-852C-2D91B47374AD}.Debug|Any CPU.Build.0 = Debug|Any CPU
		{0ED3BCC6-8DBD-4D71-852C-2D91B47374AD}.Release|Any CPU.ActiveCfg = Release|Any CPU
		{0ED3BCC6-8DBD-4D71-852C-2D91B47374AD}.Release|Any CPU.Build.0 = Release|Any CPU
		{14753449-3DC5-45E5-8105-8ABC20A84032}.Debug|Any CPU.ActiveCfg = Debug|Any CPU
		{14753449-3DC5-45E5-8105-8ABC20A84032}.Debug|Any CPU.Build.0 = Debug|Any CPU
		{14753449-3DC5-45E5-8105-8ABC20A84032}.Release|Any CPU.ActiveCfg = Release|Any CPU
		{14753449-3DC5-45E5-8105-8ABC20A84032}.Release|Any CPU.Build.0 = Release|Any CPU
	EndGlobalSection
	GlobalSection(SolutionProperties) = preSolution
		HideSolutionNode = FALSE
	EndGlobalSection
	GlobalSection(ExtensibilityGlobals) = postSolution
		SolutionGuid = {86B7713E-97D7-454C-AC7D-341F5436FDA3}
	EndGlobalSection
EndGlobal
